
Microsoft Visual Studio Solution File, Format Version 12.00
# Visual Studio 15
VisualStudioVersion = 15.0.28307.106
MinimumVisualStudioVersion = 10.0.40219.1
Project("{8BC9CEB8-8B4A-11D0-8D11-00A0C91BC942}") = "SNEK", "SNEK\SNEK.vcxproj", "{AF79E33C-0142-425E-A729-90F8F0D41040}"
EndProject
Global
	GlobalSection(SolutionConfigurationPlatforms) = preSolution
		Debug|x64 = Debug|x64
		Debug|x86 = Debug|x86
		Release|x64 = Release|x64
		Release|x86 = Release|x86
	EndGlobalSection
	GlobalSection(ProjectConfigurationPlatforms) = postSolution
		{AF79E33C-0142-425E-A729-90F8F0D41040}.Debug|x64.ActiveCfg = Debug|x64
		{AF79E33C-0142-425E-A729-90F8F0D41040}.Debug|x64.Build.0 = Debug|x64
		{AF79E33C-0142-425E-A729-90F8F0D41040}.Debug|x86.ActiveCfg = Debug|Win32
		{AF79E33C-0142-425E-A729-90F8F0D41040}.Debug|x86.Build.0 = Debug|Win32
		{AF79E33C-0142-425E-A729-90F8F0D41040}.Release|x64.ActiveCfg = Release|x64
		{AF79E33C-0142-425E-A729-90F8F0D41040}.Release|x64.Build.0 = Release|x64
		{AF79E33C-0142-425E-A729-90F8F0D41040}.Release|x86.ActiveCfg = Release|Win32
		{AF79E33C-0142-425E-A729-90F8F0D41040}.Release|x86.Build.0 = Release|Win32
	EndGlobalSection
	GlobalSection(SolutionProperties) = preSolution
		HideSolutionNode = FALSE
	EndGlobalSection
	GlobalSection(ExtensibilityGlobals) = postSolution
		SolutionGuid = {3A4CD0EC-42D3-47D2-94B0-CD44E135E8EF}
	EndGlobalSection
EndGlobal
